// !$*UTF8*$!
{
	archiveVersion = 1;
	classes = {
	};
	objectVersion = 46;
	objects = {

/* Begin PBXBuildFile section */
		FA95587E0BEA42A9006F6AE9 /* Insomnia.h in Headers */ = {isa = PBXBuildFile; fileRef = 1A224C3EFF42367911CA2CB7 /* Insomnia.h */; };
		FA9558800BEA42A9006F6AE9 /* InfoPlist.strings in Resources */ = {isa = PBXBuildFile; fileRef = 089C167DFE841241C02AAC07 /* InfoPlist.strings */; };
		FA9558820BEA42A9006F6AE9 /* Insomnia.cpp in Sources */ = {isa = PBXBuildFile; fileRef = 1A224C3FFF42367911CA2CB7 /* Insomnia.cpp */; settings = {ATTRIBUTES = (); }; };
/* End PBXBuildFile section */

/* Begin PBXBuildRule section */
		FA7658A80BECEE1700F87000 /* PBXBuildRule */ = {
			isa = PBXBuildRule;
			compilerSpec = com.apple.compilers.gcc;
			fileType = sourcecode.c;
			isEditable = 1;
			outputFiles = (
			);
			script = "";
		};
/* End PBXBuildRule section */

/* Begin PBXFileReference section */
		089C167EFE841241C02AAC07 /* English */ = {isa = PBXFileReference; fileEncoding = 10; lastKnownFileType = text.plist.strings; name = English; path = English.lproj/InfoPlist.strings; sourceTree = "<group>"; };
		1A224C3EFF42367911CA2CB7 /* Insomnia.h */ = {isa = PBXFileReference; fileEncoding = 4; lastKnownFileType = sourcecode.c.h; path = Insomnia.h; sourceTree = "<group>"; };
		1A224C3FFF42367911CA2CB7 /* Insomnia.cpp */ = {isa = PBXFileReference; fileEncoding = 4; lastKnownFileType = sourcecode.cpp.cpp; path = Insomnia.cpp; sourceTree = "<group>"; };
		3816D10F0CB6A5DD0000188C /* Insomnia_r11.kext */ = {isa = PBXFileReference; explicitFileType = wrapper.cfbundle; includeInIndex = 0; path = Insomnia_r11.kext; sourceTree = BUILT_PRODUCTS_DIR; };
		FA95588B0BEA42A9006F6AE9 /* Insomnia.plist */ = {isa = PBXFileReference; lastKnownFileType = text.plist.xml; path = Insomnia.plist; sourceTree = "<group>"; };
/* End PBXFileReference section */

/* Begin PBXFrameworksBuildPhase section */
		FA9558830BEA42A9006F6AE9 /* Frameworks */ = {
			isa = PBXFrameworksBuildPhase;
			buildActionMask = 2147483647;
			files = (
			);
			runOnlyForDeploymentPostprocessing = 0;
		};
/* End PBXFrameworksBuildPhase section */

/* Begin PBXGroup section */
		089C166AFE841209C02AAC07 /* Insomnia */ = {
			isa = PBXGroup;
			children = (
				247142CAFF3F8F9811CA285C /* Source */,
				089C167CFE841241C02AAC07 /* Resources */,
				19C28FB6FE9D52B211CA2CBB /* Products */,
				FA95588B0BEA42A9006F6AE9 /* Insomnia.plist */,
			);
			name = Insomnia;
			sourceTree = "<group>";
		};
		089C167CFE841241C02AAC07 /* Resources */ = {
			isa = PBXGroup;
			children = (
				089C167DFE841241C02AAC07 /* InfoPlist.strings */,
			);
			name = Resources;
			sourceTree = "<group>";
		};
		19C28FB6FE9D52B211CA2CBB /* Products */ = {
			isa = PBXGroup;
			children = (
				3816D10F0CB6A5DD0000188C /* Insomnia_r11.kext */,
			);
			name = Products;
			sourceTree = "<group>";
		};
		247142CAFF3F8F9811CA285C /* Source */ = {
			isa = PBXGroup;
			children = (
				1A224C3EFF42367911CA2CB7 /* Insomnia.h */,
				1A224C3FFF42367911CA2CB7 /* Insomnia.cpp */,
			);
			name = Source;
			sourceTree = "<group>";
		};
/* End PBXGroup section */

/* Begin PBXHeadersBuildPhase section */
		FA95587D0BEA42A9006F6AE9 /* Headers */ = {
			isa = PBXHeadersBuildPhase;
			buildActionMask = 2147483647;
			files = (
				FA95587E0BEA42A9006F6AE9 /* Insomnia.h in Headers */,
			);
			runOnlyForDeploymentPostprocessing = 0;
		};
/* End PBXHeadersBuildPhase section */

/* Begin PBXNativeTarget section */
		FA95587B0BEA42A9006F6AE9 /* Insomnia Extension */ = {
			isa = PBXNativeTarget;
			buildConfigurationList = FA9558860BEA42A9006F6AE9 /* Build configuration list for PBXNativeTarget "Insomnia Extension" */;
			buildPhases = (
				FA95587C0BEA42A9006F6AE9 /* ShellScript */,
				FA95587D0BEA42A9006F6AE9 /* Headers */,
				FA95587F0BEA42A9006F6AE9 /* Resources */,
				FA9558810BEA42A9006F6AE9 /* Sources */,
				FA9558830BEA42A9006F6AE9 /* Frameworks */,
				FA9558840BEA42A9006F6AE9 /* Rez */,
				FA9558850BEA42A9006F6AE9 /* ShellScript */,
			);
			buildRules = (
				FA7658A80BECEE1700F87000 /* PBXBuildRule */,
			);
			dependencies = (
			);
			name = "Insomnia Extension";
			productInstallPath = "$(SYSTEM_LIBRARY_DIR)/Extensions";
			productName = nosleep;
			productReference = 3816D10F0CB6A5DD0000188C /* Insomnia_r11.kext */;
			productType = "com.apple.product-type.kernel-extension.iokit";
		};
/* End PBXNativeTarget section */

/* Begin PBXProject section */
		089C1669FE841209C02AAC07 /* Project object */ = {
			isa = PBXProject;
			attributes = {
				LastUpgradeCheck = 0600;
			};
			buildConfigurationList = 38866AD00BE7097500F7DAB6 /* Build configuration list for PBXProject "Insomnia" */;
			compatibilityVersion = "Xcode 3.2";
			developmentRegion = English;
			hasScannedForEncodings = 1;
			knownRegions = (
				English,
				Japanese,
				French,
				German,
			);
			mainGroup = 089C166AFE841209C02AAC07 /* Insomnia */;
			projectDirPath = "";
			projectRoot = "";
			targets = (
				FA95587B0BEA42A9006F6AE9 /* Insomnia Extension */,
			);
		};
/* End PBXProject section */

/* Begin PBXResourcesBuildPhase section */
		FA95587F0BEA42A9006F6AE9 /* Resources */ = {
			isa = PBXResourcesBuildPhase;
			buildActionMask = 2147483647;
			files = (
				FA9558800BEA42A9006F6AE9 /* InfoPlist.strings in Resources */,
			);
			runOnlyForDeploymentPostprocessing = 0;
		};
/* End PBXResourcesBuildPhase section */

/* Begin PBXRezBuildPhase section */
		FA9558840BEA42A9006F6AE9 /* Rez */ = {
			isa = PBXRezBuildPhase;
			buildActionMask = 2147483647;
			files = (
			);
			runOnlyForDeploymentPostprocessing = 0;
		};
/* End PBXRezBuildPhase section */

/* Begin PBXShellScriptBuildPhase section */
		FA95587C0BEA42A9006F6AE9 /* ShellScript */ = {
			isa = PBXShellScriptBuildPhase;
			buildActionMask = 2147483647;
			files = (
			);
			runOnlyForDeploymentPostprocessing = 0;
			shellPath = /bin/sh;
			shellScript = "script=\"${SYSTEM_DEVELOPER_DIR}/ProjectBuilder Extras/Kernel Extension Support/KEXTPreprocess\";\nif [ -x \"$script\" ]; then\n    . \"$script\"\nfi";
		};
		FA9558850BEA42A9006F6AE9 /* ShellScript */ = {
			isa = PBXShellScriptBuildPhase;
			buildActionMask = 2147483647;
			files = (
			);
			runOnlyForDeploymentPostprocessing = 0;
			shellPath = /bin/sh;
			shellScript = "script=\"${SYSTEM_DEVELOPER_DIR}/ProjectBuilder Extras/Kernel Extension Support/KEXTPostprocess\";\nif [ -x \"$script\" ]; then\n    . \"$script\"\nfi";
		};
/* End PBXShellScriptBuildPhase section */

/* Begin PBXSourcesBuildPhase section */
		FA9558810BEA42A9006F6AE9 /* Sources */ = {
			isa = PBXSourcesBuildPhase;
			buildActionMask = 2147483647;
			files = (
				FA9558820BEA42A9006F6AE9 /* Insomnia.cpp in Sources */,
			);
			runOnlyForDeploymentPostprocessing = 0;
		};
/* End PBXSourcesBuildPhase section */

/* Begin PBXVariantGroup section */
		089C167DFE841241C02AAC07 /* InfoPlist.strings */ = {
			isa = PBXVariantGroup;
			children = (
				089C167EFE841241C02AAC07 /* English */,
			);
			name = InfoPlist.strings;
			sourceTree = "<group>";
		};
/* End PBXVariantGroup section */

/* Begin XCBuildConfiguration section */
		38866AD10BE7097500F7DAB6 /* Development */ = {
			isa = XCBuildConfiguration;
			buildSettings = {
				CODE_SIGN_IDENTITY = "Developer ID Application: Andrew James";
				COMBINE_HIDPI_IMAGES = YES;
				GCC_MODEL_TUNING = "";
				MACOSX_DEPLOYMENT_TARGET = 10.8;
				MODULE_NAME = net.semaja2.kext.insomnia;
				MODULE_VERSION = 2.1.7;
				PROVISIONING_PROFILE = "";
				SDKROOT = macosx;
				SYMROOT = "";
			};
			name = Development;
		};
		38866AD20BE7097500F7DAB6 /* Deployment */ = {
			isa = XCBuildConfiguration;
			buildSettings = {
				CODE_SIGN_IDENTITY = "Developer ID Application: Andrew James";
				COMBINE_HIDPI_IMAGES = YES;
				GCC_MODEL_TUNING = "";
				MACOSX_DEPLOYMENT_TARGET = 10.8;
				MODULE_NAME = net.semaja2.kext.insomnia;
				MODULE_VERSION = 2.1.7;
				PROVISIONING_PROFILE = "";
				SDKROOT = macosx;
				SYMROOT = "";
			};
			name = Deployment;
		};
		38866AD30BE7097500F7DAB6 /* Default */ = {
			isa = XCBuildConfiguration;
			buildSettings = {
				CODE_SIGN_IDENTITY = "Developer ID Application: Andrew James";
				COMBINE_HIDPI_IMAGES = YES;
				GCC_MODEL_TUNING = "";
				MACOSX_DEPLOYMENT_TARGET = 10.8;
				MODULE_NAME = net.semaja2.kext.insomnia;
				MODULE_VERSION = 2.1.7;
				PROVISIONING_PROFILE = "";
				SDKROOT = macosx;
				SYMROOT = "";
			};
			name = Default;
		};
		FA9558870BEA42A9006F6AE9 /* Development */ = {
			isa = XCBuildConfiguration;
			buildSettings = {
				CLANG_ENABLE_OBJC_ARC = YES;
				COPY_PHASE_STRIP = NO;
				FRAMEWORK_SEARCH_PATHS = "";
				GCC_DYNAMIC_NO_PIC = NO;
				GCC_GENERATE_DEBUGGING_SYMBOLS = YES;
				GCC_OPTIMIZATION_LEVEL = 0;
				GCC_SYMBOLS_PRIVATE_EXTERN = NO;
				HEADER_SEARCH_PATHS = "";
				INFOPLIST_FILE = Insomnia.plist;
				KERNEL_MODULE = YES;
				LIBRARY_SEARCH_PATHS = "";
				MACOSX_DEPLOYMENT_TARGET = 10.9;
				MODULE_IOKIT = YES;
				MODULE_VERSION = 2.1.4;
				OTHER_CFLAGS = "";
				OTHER_LDFLAGS = "";
				OTHER_REZFLAGS = "";
				PRODUCT_NAME = Insomnia_r11;
				SECTORDER_FLAGS = "";
				WARNING_CFLAGS = (
					"-Wmost",
					"-Wno-four-char-constants",
					"-Wno-unknown-pragmas",
				);
				WRAPPER_EXTENSION = kext;
				ZERO_LINK = YES;
			};
			name = Development;
		};
		FA9558880BEA42A9006F6AE9 /* Deployment */ = {
			isa = XCBuildConfiguration;
			buildSettings = {
				CLANG_ENABLE_OBJC_ARC = YES;
				COPY_PHASE_STRIP = YES;
				FRAMEWORK_SEARCH_PATHS = "";
				GCC_GENERATE_DEBUGGING_SYMBOLS = NO;
				GCC_SYMBOLS_PRIVATE_EXTERN = NO;
				GCC_THREADSAFE_STATICS = NO;
				HEADER_SEARCH_PATHS = "";
				INFOPLIST_FILE = Insomnia.plist;
				KERNEL_MODULE = YES;
				LIBRARY_SEARCH_PATHS = "";
				MACOSX_DEPLOYMENT_TARGET = 10.9;
				MODULE_IOKIT = YES;
				MODULE_VERSION = 2.1.4;
				OTHER_CFLAGS = "";
				OTHER_LDFLAGS = "";
				OTHER_REZFLAGS = "";
				PRODUCT_NAME = Insomnia_r11;
				SECTORDER_FLAGS = "";
				WARNING_CFLAGS = (
					"-Wmost",
					"-Wno-four-char-constants",
					"-Wno-unknown-pragmas",
				);
				WRAPPER_EXTENSION = kext;
				ZERO_LINK = NO;
			};
			name = Deployment;
		};
		FA9558890BEA42A9006F6AE9 /* Default */ = {
			isa = XCBuildConfiguration;
			buildSettings = {
				CLANG_ENABLE_OBJC_ARC = YES;
				FRAMEWORK_SEARCH_PATHS = "";
				GCC_SYMBOLS_PRIVATE_EXTERN = NO;
				HEADER_SEARCH_PATHS = "";
				INFOPLIST_FILE = Insomnia.plist;
				KERNEL_MODULE = YES;
				LIBRARY_SEARCH_PATHS = "";
				MACOSX_DEPLOYMENT_TARGET = 10.9;
				MODULE_IOKIT = YES;
				MODULE_VERSION = 2.1.4;
				OTHER_CFLAGS = "";
				OTHER_LDFLAGS = "";
				OTHER_REZFLAGS = "";
				PRODUCT_NAME = Insomnia_r11;
				SECTORDER_FLAGS = "";
				WARNING_CFLAGS = (
					"-Wmost",
					"-Wno-four-char-constants",
					"-Wno-unknown-pragmas",
				);
				WRAPPER_EXTENSION = kext;
			};
			name = Default;
		};
/* End XCBuildConfiguration section */

/* Begin XCConfigurationList section */
		38866AD00BE7097500F7DAB6 /* Build configuration list for PBXProject "Insomnia" */ = {
			isa = XCConfigurationList;
			buildConfigurations = (
				38866AD10BE7097500F7DAB6 /* Development */,
				38866AD20BE7097500F7DAB6 /* Deployment */,
				38866AD30BE7097500F7DAB6 /* Default */,
			);
			defaultConfigurationIsVisible = 0;
			defaultConfigurationName = Default;
		};
		FA9558860BEA42A9006F6AE9 /* Build configuration list for PBXNativeTarget "Insomnia Extension" */ = {
			isa = XCConfigurationList;
			buildConfigurations = (
				FA9558870BEA42A9006F6AE9 /* Development */,
				FA9558880BEA42A9006F6AE9 /* Deployment */,
				FA9558890BEA42A9006F6AE9 /* Default */,
			);
			defaultConfigurationIsVisible = 0;
			defaultConfigurationName = Default;
		};
/* End XCConfigurationList section */
	};
	rootObject = 089C1669FE841209C02AAC07 /* Project object */;
}
