// !$*UTF8*$!
{
	archiveVersion = 1;
	classes = {
	};
	objectVersion = 46;
	objects = {

/* Begin PBXBuildFile section */
		939837950DA429EC007F53F3 /* SRRecorderControl.m in Sources */ = {isa = PBXBuildFile; fileRef = 0B8E29C109CDB9360085E9ED /* SRRecorderControl.m */; };
		939837960DA429EC007F53F3 /* SRRecorderCell.m in Sources */ = {isa = PBXBuildFile; fileRef = 0B8E29C309CDB9360085E9ED /* SRRecorderCell.m */; };
		939837980DA429EC007F53F3 /* SRKeyCodeTransformer.m in Sources */ = {isa = PBXBuildFile; fileRef = 74C3670D0A246B4900B69171 /* SRKeyCodeTransformer.m */; };
		939837990DA429EC007F53F3 /* SRValidator.m in Sources */ = {isa = PBXBuildFile; fileRef = 74C3670F0A246B4900B69171 /* SRValidator.m */; };
		9398379A0DA429EC007F53F3 /* SRCommon.m in Sources */ = {isa = PBXBuildFile; fileRef = 74C367110A246B4900B69171 /* SRCommon.m */; };
		939838770DA42E23007F53F3 /* Cocoa.framework in Frameworks */ = {isa = PBXBuildFile; fileRef = 1058C7A1FEA54F0111CA2CBB /* Cocoa.framework */; };
		939838780DA42E23007F53F3 /* Carbon.framework in Frameworks */ = {isa = PBXBuildFile; fileRef = 0B57CB1109C482D20000E739 /* Carbon.framework */; };
		939839390DA4350B007F53F3 /* ShortcutRecorder.h in Headers */ = {isa = PBXBuildFile; fileRef = 939837B50DA42DFB007F53F3 /* ShortcutRecorder.h */; settings = {ATTRIBUTES = (Public, ); }; };
		9398393B0DA4350B007F53F3 /* SRRecorderControl.h in Headers */ = {isa = PBXBuildFile; fileRef = 0B8E29C009CDB9360085E9ED /* SRRecorderControl.h */; settings = {ATTRIBUTES = (Public, ); }; };
		9398393C0DA4350B007F53F3 /* SRRecorderCell.h in Headers */ = {isa = PBXBuildFile; fileRef = 0B8E29C209CDB9360085E9ED /* SRRecorderCell.h */; settings = {ATTRIBUTES = (Public, ); }; };
		9398393E0DA4350B007F53F3 /* SRKeyCodeTransformer.h in Headers */ = {isa = PBXBuildFile; fileRef = 74C3670C0A246B4900B69171 /* SRKeyCodeTransformer.h */; settings = {ATTRIBUTES = (Public, ); }; };
		9398393F0DA4350B007F53F3 /* SRValidator.h in Headers */ = {isa = PBXBuildFile; fileRef = 74C3670E0A246B4900B69171 /* SRValidator.h */; settings = {ATTRIBUTES = (Public, ); }; };
		939839400DA4350B007F53F3 /* SRCommon.h in Headers */ = {isa = PBXBuildFile; fileRef = 74C367100A246B4900B69171 /* SRCommon.h */; settings = {ATTRIBUTES = (Public, ); }; };
		93F48AE2152C99C600E271F9 /* ShortcutRecorder.strings in Copy Resources */ = {isa = PBXBuildFile; fileRef = 9371C78D15167D2C008B7F36 /* ShortcutRecorder.strings */; };
		93F48AE3152C9B3000E271F9 /* SRRemoveShortcut.tif in Copy Resources */ = {isa = PBXBuildFile; fileRef = 0B5E281809C1D6C500444687 /* SRRemoveShortcut.tif */; };
		93F48AE4152C9B3000E271F9 /* SRRemoveShortcutPressed.tif in Copy Resources */ = {isa = PBXBuildFile; fileRef = 0B5E281A09C1D6C500444687 /* SRRemoveShortcutPressed.tif */; };
		93F48AE5152C9B3000E271F9 /* SRRemoveShortcutRollover.tif in Copy Resources */ = {isa = PBXBuildFile; fileRef = 0B5E281C09C1D6C500444687 /* SRRemoveShortcutRollover.tif */; };
		93F48AE6152C9B3000E271F9 /* SRSnapback.tiff in Copy Resources */ = {isa = PBXBuildFile; fileRef = 0B6DAA3C09C329AB0022655F /* SRSnapback.tiff */; };
/* End PBXBuildFile section */

/* Begin PBXCopyFilesBuildPhase section */
		93F48AE1152C99B900E271F9 /* Copy Resources */ = {
			isa = PBXCopyFilesBuildPhase;
			buildActionMask = 2147483647;
			dstPath = "";
			dstSubfolderSpec = 7;
			files = (
				93F48AE2152C99C600E271F9 /* ShortcutRecorder.strings in Copy Resources */,
				93F48AE3152C9B3000E271F9 /* SRRemoveShortcut.tif in Copy Resources */,
				93F48AE4152C9B3000E271F9 /* SRRemoveShortcutPressed.tif in Copy Resources */,
				93F48AE5152C9B3000E271F9 /* SRRemoveShortcutRollover.tif in Copy Resources */,
				93F48AE6152C9B3000E271F9 /* SRSnapback.tiff in Copy Resources */,
			);
			name = "Copy Resources";
			runOnlyForDeploymentPostprocessing = 0;
		};
/* End PBXCopyFilesBuildPhase section */

/* Begin PBXFileReference section */
		0B57CB1109C482D20000E739 /* Carbon.framework */ = {isa = PBXFileReference; lastKnownFileType = wrapper.framework; name = Carbon.framework; path = /System/Library/Frameworks/Carbon.framework; sourceTree = "<absolute>"; };
		0B57CB1309C482DC0000E739 /* CoreServices.framework */ = {isa = PBXFileReference; lastKnownFileType = wrapper.framework; name = CoreServices.framework; path = /System/Library/Frameworks/CoreServices.framework; sourceTree = "<absolute>"; };
		0B5E281809C1D6C500444687 /* SRRemoveShortcut.tif */ = {isa = PBXFileReference; lastKnownFileType = image.tiff; path = SRRemoveShortcut.tif; sourceTree = "<group>"; };
		0B5E281A09C1D6C500444687 /* SRRemoveShortcutPressed.tif */ = {isa = PBXFileReference; lastKnownFileType = image.tiff; path = SRRemoveShortcutPressed.tif; sourceTree = "<group>"; };
		0B5E281C09C1D6C500444687 /* SRRemoveShortcutRollover.tif */ = {isa = PBXFileReference; lastKnownFileType = image.tiff; path = SRRemoveShortcutRollover.tif; sourceTree = "<group>"; };
		0B6DAA3C09C329AB0022655F /* SRSnapback.tiff */ = {isa = PBXFileReference; lastKnownFileType = image.tiff; path = SRSnapback.tiff; sourceTree = "<group>"; };
		0B8E29C009CDB9360085E9ED /* SRRecorderControl.h */ = {isa = PBXFileReference; fileEncoding = 4; lastKnownFileType = sourcecode.c.h; name = SRRecorderControl.h; path = Framework/Source/SRRecorderControl.h; sourceTree = SOURCE_ROOT; };
		0B8E29C109CDB9360085E9ED /* SRRecorderControl.m */ = {isa = PBXFileReference; fileEncoding = 4; lastKnownFileType = sourcecode.c.objc; name = SRRecorderControl.m; path = Framework/Source/SRRecorderControl.m; sourceTree = SOURCE_ROOT; };
		0B8E29C209CDB9360085E9ED /* SRRecorderCell.h */ = {isa = PBXFileReference; fileEncoding = 4; lastKnownFileType = sourcecode.c.h; name = SRRecorderCell.h; path = Framework/Source/SRRecorderCell.h; sourceTree = SOURCE_ROOT; };
		0B8E29C309CDB9360085E9ED /* SRRecorderCell.m */ = {isa = PBXFileReference; fileEncoding = 4; lastKnownFileType = sourcecode.c.objc; name = SRRecorderCell.m; path = Framework/Source/SRRecorderCell.m; sourceTree = SOURCE_ROOT; };
		1058C7A1FEA54F0111CA2CBB /* Cocoa.framework */ = {isa = PBXFileReference; lastKnownFileType = wrapper.framework; name = Cocoa.framework; path = /System/Library/Frameworks/Cocoa.framework; sourceTree = "<absolute>"; };
		13E42FB307B3F0F600E4EEF1 /* CoreData.framework */ = {isa = PBXFileReference; lastKnownFileType = wrapper.framework; name = CoreData.framework; path = /System/Library/Frameworks/CoreData.framework; sourceTree = "<absolute>"; };
		29B97316FDCFA39411CA2CEA /* main.m */ = {isa = PBXFileReference; fileEncoding = 4; lastKnownFileType = sourcecode.c.objc; name = main.m; path = Demo/main.m; sourceTree = "<group>"; };
		29B97324FDCFA39411CA2CEA /* AppKit.framework */ = {isa = PBXFileReference; lastKnownFileType = wrapper.framework; name = AppKit.framework; path = /System/Library/Frameworks/AppKit.framework; sourceTree = "<absolute>"; };
		29B97325FDCFA39411CA2CEA /* Foundation.framework */ = {isa = PBXFileReference; lastKnownFileType = wrapper.framework; name = Foundation.framework; path = /System/Library/Frameworks/Foundation.framework; sourceTree = "<absolute>"; };
		32CA4F630368D1EE00C91783 /* ShortcutRecorder_Prefix.pch */ = {isa = PBXFileReference; fileEncoding = 4; lastKnownFileType = sourcecode.c.h; path = ShortcutRecorder_Prefix.pch; sourceTree = "<group>"; };
		74C3670C0A246B4900B69171 /* SRKeyCodeTransformer.h */ = {isa = PBXFileReference; fileEncoding = 30; lastKnownFileType = sourcecode.c.h; name = SRKeyCodeTransformer.h; path = Framework/Source/SRKeyCodeTransformer.h; sourceTree = SOURCE_ROOT; };
		74C3670D0A246B4900B69171 /* SRKeyCodeTransformer.m */ = {isa = PBXFileReference; fileEncoding = 30; lastKnownFileType = sourcecode.c.objc; name = SRKeyCodeTransformer.m; path = Framework/Source/SRKeyCodeTransformer.m; sourceTree = SOURCE_ROOT; };
		74C3670E0A246B4900B69171 /* SRValidator.h */ = {isa = PBXFileReference; fileEncoding = 30; lastKnownFileType = sourcecode.c.h; name = SRValidator.h; path = Framework/Source/SRValidator.h; sourceTree = SOURCE_ROOT; };
		74C3670F0A246B4900B69171 /* SRValidator.m */ = {isa = PBXFileReference; fileEncoding = 30; lastKnownFileType = sourcecode.c.objc; name = SRValidator.m; path = Framework/Source/SRValidator.m; sourceTree = SOURCE_ROOT; };
		74C367100A246B4900B69171 /* SRCommon.h */ = {isa = PBXFileReference; fileEncoding = 30; lastKnownFileType = sourcecode.c.h; name = SRCommon.h; path = Framework/Source/SRCommon.h; sourceTree = SOURCE_ROOT; };
		74C367110A246B4900B69171 /* SRCommon.m */ = {isa = PBXFileReference; fileEncoding = 30; lastKnownFileType = sourcecode.c.objc; name = SRCommon.m; path = Framework/Source/SRCommon.m; sourceTree = SOURCE_ROOT; };
		835F124E152C26A5000CCCBA /* de */ = {isa = PBXFileReference; lastKnownFileType = text.plist.strings; name = de; path = de.lproj/ShortcutRecorder.strings; sourceTree = "<group>"; };
		835F124F152C26B7000CCCBA /* nl */ = {isa = PBXFileReference; lastKnownFileType = text.plist.strings; name = nl; path = nl.lproj/ShortcutRecorder.strings; sourceTree = "<group>"; };
		835F1250152C26EA000CCCBA /* ja */ = {isa = PBXFileReference; lastKnownFileType = text.plist.strings; name = ja; path = ja.lproj/ShortcutRecorder.strings; sourceTree = "<group>"; };
		835F1251152C26EE000CCCBA /* fr */ = {isa = PBXFileReference; lastKnownFileType = text.plist.strings; name = fr; path = fr.lproj/ShortcutRecorder.strings; sourceTree = "<group>"; };
		835F1253152C26FE000CCCBA /* sv */ = {isa = PBXFileReference; lastKnownFileType = text.plist.strings; name = sv; path = sv.lproj/ShortcutRecorder.strings; sourceTree = "<group>"; };
		835F1254152C26FF000CCCBA /* pt-BR */ = {isa = PBXFileReference; lastKnownFileType = text.plist.strings; name = "pt-BR"; path = "pt-BR.lproj/ShortcutRecorder.strings"; sourceTree = "<group>"; };
		835F1255152C2700000CCCBA /* sk */ = {isa = PBXFileReference; lastKnownFileType = text.plist.strings; name = sk; path = sk.lproj/ShortcutRecorder.strings; sourceTree = "<group>"; };
		835F1256152C271F000CCCBA /* it */ = {isa = PBXFileReference; lastKnownFileType = text.plist.strings; name = it; path = it.lproj/ShortcutRecorder.strings; sourceTree = "<group>"; };
		835F1257152C272D000CCCBA /* nb */ = {isa = PBXFileReference; lastKnownFileType = text.plist.strings; name = nb; path = nb.lproj/ShortcutRecorder.strings; sourceTree = "<group>"; };
		835F1258152C2748000CCCBA /* pl */ = {isa = PBXFileReference; lastKnownFileType = text.plist.strings; name = pl; path = pl.lproj/ShortcutRecorder.strings; sourceTree = "<group>"; };
		835F1259152C276F000CCCBA /* el */ = {isa = PBXFileReference; lastKnownFileType = text.plist.strings; name = el; path = el.lproj/ShortcutRecorder.strings; sourceTree = "<group>"; };
		835F125A152C278F000CCCBA /* zh-Hans */ = {isa = PBXFileReference; lastKnownFileType = text.plist.strings; name = "zh-Hans"; path = "zh-Hans.lproj/ShortcutRecorder.strings"; sourceTree = "<group>"; };
		835F125B152C27A3000CCCBA /* ro */ = {isa = PBXFileReference; lastKnownFileType = text.plist.strings; name = ro; path = ro.lproj/ShortcutRecorder.strings; sourceTree = "<group>"; };
		83B8F8B1152D40E900BF552B /* ko */ = {isa = PBXFileReference; lastKnownFileType = text.plist.strings; name = ko; path = ko.lproj/ShortcutRecorder.strings; sourceTree = "<group>"; };
		83B8F8B2152D40F000BF552B /* th */ = {isa = PBXFileReference; lastKnownFileType = text.plist.strings; name = th; path = th.lproj/ShortcutRecorder.strings; sourceTree = "<group>"; };
		83F7CC9A1571D1E9007C224F /* es */ = {isa = PBXFileReference; lastKnownFileType = text.plist.strings; name = es; path = es.lproj/ShortcutRecorder.strings; sourceTree = "<group>"; };
		83F7CC9B1571D202007C224F /* es-MX */ = {isa = PBXFileReference; lastKnownFileType = text.plist.strings; name = "es-MX"; path = "es-MX.lproj/ShortcutRecorder.strings"; sourceTree = "<group>"; };
		9371C78E15167D2C008B7F36 /* en */ = {isa = PBXFileReference; lastKnownFileType = text.plist.strings; name = en; path = en.lproj/ShortcutRecorder.strings; sourceTree = "<group>"; };
		939837800DA42965007F53F3 /* ShortcutRecorder.framework */ = {isa = PBXFileReference; explicitFileType = wrapper.framework; includeInIndex = 0; path = ShortcutRecorder.framework; sourceTree = BUILT_PRODUCTS_DIR; };
		939837B50DA42DFB007F53F3 /* ShortcutRecorder.h */ = {isa = PBXFileReference; fileEncoding = 4; lastKnownFileType = sourcecode.c.h; name = ShortcutRecorder.h; path = Framework/ShortcutRecorder.h; sourceTree = SOURCE_ROOT; };
		939838CD0DA4316E007F53F3 /* InterfaceBuilderKit.framework */ = {isa = PBXFileReference; lastKnownFileType = wrapper.framework; name = InterfaceBuilderKit.framework; path = Library/Frameworks/InterfaceBuilderKit.framework; sourceTree = DEVELOPER_DIR; };
/* End PBXFileReference section */

/* Begin PBXFrameworksBuildPhase section */
		9398377E0DA42965007F53F3 /* Frameworks */ = {
			isa = PBXFrameworksBuildPhase;
			buildActionMask = 2147483647;
			files = (
				939838770DA42E23007F53F3 /* Cocoa.framework in Frameworks */,
				939838780DA42E23007F53F3 /* Carbon.framework in Frameworks */,
			);
			runOnlyForDeploymentPostprocessing = 0;
		};
/* End PBXFrameworksBuildPhase section */

/* Begin PBXGroup section */
		080E96DDFE201D6D7F000001 /* Classes */ = {
			isa = PBXGroup;
			children = (
				0B8E29BB09CDB9360085E9ED /* Framework */,
			);
			name = Classes;
			sourceTree = "<group>";
		};
		0B5E281709C1D6C500444687 /* Images */ = {
			isa = PBXGroup;
			children = (
				0B5E281809C1D6C500444687 /* SRRemoveShortcut.tif */,
				0B5E281A09C1D6C500444687 /* SRRemoveShortcutPressed.tif */,
				0B5E281C09C1D6C500444687 /* SRRemoveShortcutRollover.tif */,
				0B6DAA3C09C329AB0022655F /* SRSnapback.tiff */,
			);
			name = Images;
			path = Framework/Images;
			sourceTree = "<group>";
		};
		0B8E29BB09CDB9360085E9ED /* Framework */ = {
			isa = PBXGroup;
			children = (
				939837B50DA42DFB007F53F3 /* ShortcutRecorder.h */,
				0B8E29C009CDB9360085E9ED /* SRRecorderControl.h */,
				0B8E29C109CDB9360085E9ED /* SRRecorderControl.m */,
				0B8E29C209CDB9360085E9ED /* SRRecorderCell.h */,
				0B8E29C309CDB9360085E9ED /* SRRecorderCell.m */,
				74C3670C0A246B4900B69171 /* SRKeyCodeTransformer.h */,
				74C3670D0A246B4900B69171 /* SRKeyCodeTransformer.m */,
				74C3670E0A246B4900B69171 /* SRValidator.h */,
				74C3670F0A246B4900B69171 /* SRValidator.m */,
				74C367100A246B4900B69171 /* SRCommon.h */,
				74C367110A246B4900B69171 /* SRCommon.m */,
			);
			name = Framework;
			path = Source;
			sourceTree = "<group>";
		};
		1058C7A0FEA54F0111CA2CBB /* Linked Frameworks */ = {
			isa = PBXGroup;
			children = (
				1058C7A1FEA54F0111CA2CBB /* Cocoa.framework */,
				0B57CB1109C482D20000E739 /* Carbon.framework */,
				0B57CB1309C482DC0000E739 /* CoreServices.framework */,
			);
			name = "Linked Frameworks";
			sourceTree = "<group>";
		};
		1058C7A2FEA54F0111CA2CBB /* Other Frameworks */ = {
			isa = PBXGroup;
			children = (
				939838CD0DA4316E007F53F3 /* InterfaceBuilderKit.framework */,
				29B97324FDCFA39411CA2CEA /* AppKit.framework */,
				13E42FB307B3F0F600E4EEF1 /* CoreData.framework */,
				29B97325FDCFA39411CA2CEA /* Foundation.framework */,
			);
			name = "Other Frameworks";
			sourceTree = "<group>";
		};
		19C28FACFE9D520D11CA2CBB /* Products */ = {
			isa = PBXGroup;
			children = (
				939837800DA42965007F53F3 /* ShortcutRecorder.framework */,
			);
			name = Products;
			sourceTree = "<group>";
		};
		29B97314FDCFA39411CA2CEA /* ShortcutRecorder */ = {
			isa = PBXGroup;
			children = (
				080E96DDFE201D6D7F000001 /* Classes */,
				29B97315FDCFA39411CA2CEA /* Other Sources */,
				29B97317FDCFA39411CA2CEA /* Resources */,
				29B97323FDCFA39411CA2CEA /* Frameworks */,
				19C28FACFE9D520D11CA2CBB /* Products */,
			);
			name = ShortcutRecorder;
			sourceTree = "<group>";
		};
		29B97315FDCFA39411CA2CEA /* Other Sources */ = {
			isa = PBXGroup;
			children = (
				32CA4F630368D1EE00C91783 /* ShortcutRecorder_Prefix.pch */,
				29B97316FDCFA39411CA2CEA /* main.m */,
			);
			name = "Other Sources";
			sourceTree = "<group>";
		};
		29B97317FDCFA39411CA2CEA /* Resources */ = {
			isa = PBXGroup;
			children = (
				932B762015167A660092909C /* Framework */,
				0B5E281709C1D6C500444687 /* Images */,
			);
			name = Resources;
			sourceTree = "<group>";
		};
		29B97323FDCFA39411CA2CEA /* Frameworks */ = {
			isa = PBXGroup;
			children = (
				1058C7A0FEA54F0111CA2CBB /* Linked Frameworks */,
				1058C7A2FEA54F0111CA2CBB /* Other Frameworks */,
			);
			name = Frameworks;
			sourceTree = "<group>";
		};
		932B762015167A660092909C /* Framework */ = {
			isa = PBXGroup;
			children = (
				9371C78D15167D2C008B7F36 /* ShortcutRecorder.strings */,
			);
			name = Framework;
			path = Framework/Localizations;
			sourceTree = "<group>";
		};
/* End PBXGroup section */

/* Begin PBXHeadersBuildPhase section */
		9398394A0DA4351C007F53F3 /* Headers */ = {
			isa = PBXHeadersBuildPhase;
			buildActionMask = 2147483647;
			files = (
				939839390DA4350B007F53F3 /* ShortcutRecorder.h in Headers */,
				9398393B0DA4350B007F53F3 /* SRRecorderControl.h in Headers */,
				9398393C0DA4350B007F53F3 /* SRRecorderCell.h in Headers */,
				9398393E0DA4350B007F53F3 /* SRKeyCodeTransformer.h in Headers */,
				9398393F0DA4350B007F53F3 /* SRValidator.h in Headers */,
				939839400DA4350B007F53F3 /* SRCommon.h in Headers */,
			);
			runOnlyForDeploymentPostprocessing = 0;
		};
/* End PBXHeadersBuildPhase section */

/* Begin PBXNativeTarget section */
		9398377F0DA42965007F53F3 /* ShortcutRecorder.framework */ = {
			isa = PBXNativeTarget;
			buildConfigurationList = 939837840DA42965007F53F3 /* Build configuration list for PBXNativeTarget "ShortcutRecorder.framework" */;
			buildPhases = (
				9398377D0DA42965007F53F3 /* Sources */,
				9398377E0DA42965007F53F3 /* Frameworks */,
				9398394A0DA4351C007F53F3 /* Headers */,
				93F48AE1152C99B900E271F9 /* Copy Resources */,
			);
			buildRules = (
			);
			dependencies = (
			);
			name = ShortcutRecorder.framework;
			productName = ShortcutRecorder.framework;
			productReference = 939837800DA42965007F53F3 /* ShortcutRecorder.framework */;
			productType = "com.apple.product-type.framework";
		};
/* End PBXNativeTarget section */

/* Begin PBXProject section */
		29B97313FDCFA39411CA2CEA /* Project object */ = {
			isa = PBXProject;
			attributes = {
				LastUpgradeCheck = 0920;
				TargetAttributes = {
					9398377F0DA42965007F53F3 = {
						DevelopmentTeam = 4PUPLLX2PZ;
					};
				};
			};
			buildConfigurationList = C01FCF4E08A954540054247B /* Build configuration list for PBXProject "ShortcutRecorder" */;
			compatibilityVersion = "Xcode 3.2";
			developmentRegion = English;
			hasScannedForEncodings = 1;
			knownRegions = (
				English,
				Japanese,
				French,
				German,
				sv,
				Dutch,
				de,
				en,
				nl,
				pl,
				sk,
				"pt-BR",
				ja,
				fr,
				it,
				nb,
				el,
				"zh-Hans",
				ro,
				ko,
				th,
				es,
				"es-MX",
			);
			mainGroup = 29B97314FDCFA39411CA2CEA /* ShortcutRecorder */;
			projectDirPath = "";
			projectRoot = "";
			targets = (
				9398377F0DA42965007F53F3 /* ShortcutRecorder.framework */,
			);
		};
/* End PBXProject section */

/* Begin PBXSourcesBuildPhase section */
		9398377D0DA42965007F53F3 /* Sources */ = {
			isa = PBXSourcesBuildPhase;
			buildActionMask = 2147483647;
			files = (
				939837950DA429EC007F53F3 /* SRRecorderControl.m in Sources */,
				939837960DA429EC007F53F3 /* SRRecorderCell.m in Sources */,
				939837980DA429EC007F53F3 /* SRKeyCodeTransformer.m in Sources */,
				939837990DA429EC007F53F3 /* SRValidator.m in Sources */,
				9398379A0DA429EC007F53F3 /* SRCommon.m in Sources */,
			);
			runOnlyForDeploymentPostprocessing = 0;
		};
/* End PBXSourcesBuildPhase section */

/* Begin PBXVariantGroup section */
		9371C78D15167D2C008B7F36 /* ShortcutRecorder.strings */ = {
			isa = PBXVariantGroup;
			children = (
				9371C78E15167D2C008B7F36 /* en */,
				835F124E152C26A5000CCCBA /* de */,
				835F124F152C26B7000CCCBA /* nl */,
				835F1250152C26EA000CCCBA /* ja */,
				835F1251152C26EE000CCCBA /* fr */,
				835F1253152C26FE000CCCBA /* sv */,
				835F1254152C26FF000CCCBA /* pt-BR */,
				835F1255152C2700000CCCBA /* sk */,
				835F1256152C271F000CCCBA /* it */,
				835F1257152C272D000CCCBA /* nb */,
				835F1258152C2748000CCCBA /* pl */,
				835F1259152C276F000CCCBA /* el */,
				835F125A152C278F000CCCBA /* zh-Hans */,
				835F125B152C27A3000CCCBA /* ro */,
				83B8F8B1152D40E900BF552B /* ko */,
				83B8F8B2152D40F000BF552B /* th */,
				83F7CC9A1571D1E9007C224F /* es */,
				83F7CC9B1571D202007C224F /* es-MX */,
			);
			name = ShortcutRecorder.strings;
			path = Framework/Localizations;
			sourceTree = SOURCE_ROOT;
		};
/* End PBXVariantGroup section */

/* Begin XCBuildConfiguration section */
		83D9D6B815C3C5210090EBC4 /* Localization */ = {
			isa = XCBuildConfiguration;
			buildSettings = {
				CLANG_ANALYZER_LOCALIZABILITY_NONLOCALIZED = YES;
				CLANG_WARN_BLOCK_CAPTURE_AUTORELEASING = YES;
				CLANG_WARN_BOOL_CONVERSION = YES;
				CLANG_WARN_COMMA = YES;
				CLANG_WARN_CONSTANT_CONVERSION = YES;
				CLANG_WARN_EMPTY_BODY = YES;
				CLANG_WARN_ENUM_CONVERSION = YES;
				CLANG_WARN_INFINITE_RECURSION = YES;
				CLANG_WARN_INT_CONVERSION = YES;
				CLANG_WARN_NON_LITERAL_NULL_CONVERSION = YES;
				CLANG_WARN_OBJC_LITERAL_CONVERSION = YES;
				CLANG_WARN_RANGE_LOOP_ANALYSIS = YES;
				CLANG_WARN_STRICT_PROTOTYPES = YES;
				CLANG_WARN_SUSPICIOUS_MOVE = YES;
				CLANG_WARN_UNREACHABLE_CODE = YES;
				CLANG_WARN__DUPLICATE_METHOD_MATCH = YES;
				CODE_SIGN_IDENTITY = "Developer ID Application: Andrew James";
				ENABLE_STRICT_OBJC_MSGSEND = YES;
				GCC_C_LANGUAGE_STANDARD = gnu99;
				GCC_NO_COMMON_BLOCKS = YES;
				GCC_VERSION = com.apple.compilers.llvm.clang.1_0;
				GCC_WARN_64_TO_32_BIT_CONVERSION = YES;
				GCC_WARN_ABOUT_RETURN_TYPE = YES;
				GCC_WARN_UNDECLARED_SELECTOR = YES;
				GCC_WARN_UNINITIALIZED_AUTOS = YES;
				GCC_WARN_UNUSED_FUNCTION = YES;
				GCC_WARN_UNUSED_VARIABLE = YES;
				PROVISIONING_PROFILE = "";
				RUN_CLANG_STATIC_ANALYZER = YES;
				SDKROOT = macosx;
				SYMROOT = ../build;
				WARNING_CFLAGS = "-Wall";
				WARNING_LDFLAGS = "";
			};
			name = Localization;
		};
		83D9D6B915C3C5210090EBC4 /* Localization */ = {
			isa = XCBuildConfiguration;
			buildSettings = {
				CLANG_ENABLE_OBJC_ARC = YES;
				CODE_SIGN_IDENTITY = "";
				COMBINE_HIDPI_IMAGES = YES;
				COPY_PHASE_STRIP = YES;
				DYLIB_COMPATIBILITY_VERSION = 1;
				DYLIB_CURRENT_VERSION = 1;
				FRAMEWORK_VERSION = A;
				GCC_PRECOMPILE_PREFIX_HEADER = YES;
				GCC_PREFIX_HEADER = "$(SYSTEM_LIBRARY_DIR)/Frameworks/AppKit.framework/Headers/AppKit.h";
				INFOPLIST_FILE = "Framework/SR_LeopardFramework-Info.plist";
				INSTALL_PATH = "@executable_path/../Frameworks";
				MACOSX_DEPLOYMENT_TARGET = 10.7;
				OTHER_LDFLAGS = (
					"-framework",
					Foundation,
					"-framework",
					AppKit,
				);
				PRODUCT_BUNDLE_IDENTIFIER = net.wafflesoftware.ShortcutRecorder.framework.Leopard;
				PRODUCT_NAME = ShortcutRecorder;
				SDKROOT = macosx;
				ZERO_LINK = NO;
			};
			name = Localization;
		};
		939837820DA42965007F53F3 /* Debug */ = {
			isa = XCBuildConfiguration;
			buildSettings = {
				CLANG_ENABLE_OBJC_ARC = YES;
				CODE_SIGN_IDENTITY = "";
				COMBINE_HIDPI_IMAGES = YES;
				COPY_PHASE_STRIP = NO;
				DYLIB_COMPATIBILITY_VERSION = 1;
				DYLIB_CURRENT_VERSION = 1;
				FRAMEWORK_VERSION = A;
				GCC_DYNAMIC_NO_PIC = NO;
				GCC_OPTIMIZATION_LEVEL = 0;
				GCC_PRECOMPILE_PREFIX_HEADER = YES;
				GCC_PREFIX_HEADER = "$(SYSTEM_LIBRARY_DIR)/Frameworks/AppKit.framework/Headers/AppKit.h";
				INFOPLIST_FILE = "Framework/SR_LeopardFramework-Info.plist";
				INSTALL_PATH = "@executable_path/../Frameworks";
				MACOSX_DEPLOYMENT_TARGET = 10.7;
				OTHER_LDFLAGS = (
					"-framework",
					Foundation,
					"-framework",
					AppKit,
				);
				PRODUCT_BUNDLE_IDENTIFIER = net.wafflesoftware.ShortcutRecorder.framework.Leopard;
				PRODUCT_NAME = ShortcutRecorder;
				SDKROOT = macosx;
				ZERO_LINK = YES;
			};
			name = Debug;
		};
		939837830DA42965007F53F3 /* Release */ = {
			isa = XCBuildConfiguration;
			buildSettings = {
				CLANG_ENABLE_OBJC_ARC = YES;
				CODE_SIGN_IDENTITY = "";
				COMBINE_HIDPI_IMAGES = YES;
				COPY_PHASE_STRIP = YES;
				DYLIB_COMPATIBILITY_VERSION = 1;
				DYLIB_CURRENT_VERSION = 1;
				FRAMEWORK_VERSION = A;
				GCC_PRECOMPILE_PREFIX_HEADER = YES;
				GCC_PREFIX_HEADER = "$(SYSTEM_LIBRARY_DIR)/Frameworks/AppKit.framework/Headers/AppKit.h";
				INFOPLIST_FILE = "Framework/SR_LeopardFramework-Info.plist";
				INSTALL_PATH = "@executable_path/../Frameworks";
				MACOSX_DEPLOYMENT_TARGET = 10.7;
				OTHER_LDFLAGS = (
					"-framework",
					Foundation,
					"-framework",
					AppKit,
				);
				PRODUCT_BUNDLE_IDENTIFIER = net.wafflesoftware.ShortcutRecorder.framework.Leopard;
				PRODUCT_NAME = ShortcutRecorder;
				SDKROOT = macosx;
				ZERO_LINK = NO;
			};
			name = Release;
		};
		C01FCF4F08A954540054247B /* Debug */ = {
			isa = XCBuildConfiguration;
			buildSettings = {
				CLANG_ANALYZER_LOCALIZABILITY_NONLOCALIZED = YES;
				CLANG_WARN_BLOCK_CAPTURE_AUTORELEASING = YES;
				CLANG_WARN_BOOL_CONVERSION = YES;
				CLANG_WARN_COMMA = YES;
				CLANG_WARN_CONSTANT_CONVERSION = YES;
				CLANG_WARN_EMPTY_BODY = YES;
				CLANG_WARN_ENUM_CONVERSION = YES;
				CLANG_WARN_INFINITE_RECURSION = YES;
				CLANG_WARN_INT_CONVERSION = YES;
				CLANG_WARN_NON_LITERAL_NULL_CONVERSION = YES;
				CLANG_WARN_OBJC_LITERAL_CONVERSION = YES;
				CLANG_WARN_RANGE_LOOP_ANALYSIS = YES;
				CLANG_WARN_STRICT_PROTOTYPES = YES;
				CLANG_WARN_SUSPICIOUS_MOVE = YES;
				CLANG_WARN_UNREACHABLE_CODE = YES;
				CLANG_WARN__DUPLICATE_METHOD_MATCH = YES;
				CODE_SIGN_IDENTITY = "Developer ID Application: Andrew James";
				ENABLE_STRICT_OBJC_MSGSEND = YES;
				ENABLE_TESTABILITY = YES;
				GCC_C_LANGUAGE_STANDARD = gnu99;
				GCC_NO_COMMON_BLOCKS = YES;
				GCC_VERSION = com.apple.compilers.llvm.clang.1_0;
				GCC_WARN_64_TO_32_BIT_CONVERSION = YES;
				GCC_WARN_ABOUT_RETURN_TYPE = YES;
				GCC_WARN_UNDECLARED_SELECTOR = YES;
				GCC_WARN_UNINITIALIZED_AUTOS = YES;
				GCC_WARN_UNUSED_FUNCTION = YES;
				GCC_WARN_UNUSED_VARIABLE = YES;
				ONLY_ACTIVE_ARCH = YES;
				PROVISIONING_PROFILE = "";
				RUN_CLANG_STATIC_ANALYZER = YES;
				SDKROOT = macosx;
				SYMROOT = ../build;
				WARNING_CFLAGS = "-Wall";
				WARNING_LDFLAGS = "";
			};
			name = Debug;
		};
		C01FCF5008A954540054247B /* Release */ = {
			isa = XCBuildConfiguration;
			buildSettings = {
				CLANG_ANALYZER_LOCALIZABILITY_NONLOCALIZED = YES;
				CLANG_WARN_BLOCK_CAPTURE_AUTORELEASING = YES;
				CLANG_WARN_BOOL_CONVERSION = YES;
				CLANG_WARN_COMMA = YES;
				CLANG_WARN_CONSTANT_CONVERSION = YES;
				CLANG_WARN_EMPTY_BODY = YES;
				CLANG_WARN_ENUM_CONVERSION = YES;
				CLANG_WARN_INFINITE_RECURSION = YES;
				CLANG_WARN_INT_CONVERSION = YES;
				CLANG_WARN_NON_LITERAL_NULL_CONVERSION = YES;
				CLANG_WARN_OBJC_LITERAL_CONVERSION = YES;
				CLANG_WARN_RANGE_LOOP_ANALYSIS = YES;
				CLANG_WARN_STRICT_PROTOTYPES = YES;
				CLANG_WARN_SUSPICIOUS_MOVE = YES;
				CLANG_WARN_UNREACHABLE_CODE = YES;
				CLANG_WARN__DUPLICATE_METHOD_MATCH = YES;
				CODE_SIGN_IDENTITY = "Developer ID Application: Andrew James";
				ENABLE_STRICT_OBJC_MSGSEND = YES;
				GCC_C_LANGUAGE_STANDARD = gnu99;
				GCC_NO_COMMON_BLOCKS = YES;
				GCC_VERSION = com.apple.compilers.llvm.clang.1_0;
				GCC_WARN_64_TO_32_BIT_CONVERSION = YES;
				GCC_WARN_ABOUT_RETURN_TYPE = YES;
				GCC_WARN_UNDECLARED_SELECTOR = YES;
				GCC_WARN_UNINITIALIZED_AUTOS = YES;
				GCC_WARN_UNUSED_FUNCTION = YES;
				GCC_WARN_UNUSED_VARIABLE = YES;
				PROVISIONING_PROFILE = "";
				RUN_CLANG_STATIC_ANALYZER = YES;
				SDKROOT = macosx;
				SYMROOT = ../build;
				WARNING_CFLAGS = "-Wall";
				WARNING_LDFLAGS = "";
			};
			name = Release;
		};
/* End XCBuildConfiguration section */

/* Begin XCConfigurationList section */
		939837840DA42965007F53F3 /* Build configuration list for PBXNativeTarget "ShortcutRecorder.framework" */ = {
			isa = XCConfigurationList;
			buildConfigurations = (
				939837820DA42965007F53F3 /* Debug */,
				939837830DA42965007F53F3 /* Release */,
				83D9D6B915C3C5210090EBC4 /* Localization */,
			);
			defaultConfigurationIsVisible = 0;
			defaultConfigurationName = Release;
		};
		C01FCF4E08A954540054247B /* Build configuration list for PBXProject "ShortcutRecorder" */ = {
			isa = XCConfigurationList;
			buildConfigurations = (
				C01FCF4F08A954540054247B /* Debug */,
				C01FCF5008A954540054247B /* Release */,
				83D9D6B815C3C5210090EBC4 /* Localization */,
			);
			defaultConfigurationIsVisible = 0;
			defaultConfigurationName = Release;
		};
/* End XCConfigurationList section */
	};
	rootObject = 29B97313FDCFA39411CA2CEA /* Project object */;
}
